{
  "originHash" : "67daa62aaa871b7f8d955437cb1ca785a00086fe5eb24491e67a3d35c4688a7c",
  "pins" : [
    {
      "identity" : "misakiswift",
      "kind" : "remoteSourceControl",
      "location" : "https://github.com/brooksc/MisakiSwift",
      "state" : {
        "revision" : "cdcc390c308c51c8ce67eea531427c2d1486a92b"
      }
    },
    {
      "identity" : "mlx-swift",
      "kind" : "remoteSourceControl",
      "location" : "https://github.com/ml-explore/mlx-swift",
      "state" : {
        "revision" : "61b9e011e09a62b489f6bd647958f1555bdf2896",
        "version" : "0.31.3"
      }
    },
    {
      "identity" : "mlxutilslibrary",
      "kind" : "remoteSourceControl",
      "location" : "https://github.com/brooksc/MLXUtilsLibrary.git",
      "state" : {
        "revision" : "47f520886c8eceb45215a8a113be361c70c4641b"
      }
    },
    {
      "identity" : "swift-numerics",
      "kind" : "remoteSourceControl",
      "location" : "https://github.com/apple/swift-numerics",
      "state" : {
        "revision" : "0c0290ff6b24942dadb83a929ffaaa1481df04a2",
        "version" : "1.1.1"
      }
    },
    {
      "identity" : "zipfoundation",
      "kind" : "remoteSourceControl",
      "location" : "https://github.com/weichsel/ZIPFoundation.git",
      "state" : {
        "revision" : "22787ffb59de99e5dc1fbfe80b19c97a904ad48d",
        "version" : "0.9.20"
      }
    }
  ],
  "version" : 3
}
